// !$*UTF8*$!
{
	archiveVersion = 1;
	classes = {
	};
	objectVersion = 56;
	objects = {

/* Begin PBXBuildFile section */
		000000000000000000000038 /* SombreyApp.swift in Sources */ = {isa = PBXBuildFile; fileRef = 000000000000000000000001 /* SombreyApp.swift */; };
		000000000000000000000039 /* AppState.swift in Sources */ = {isa = PBXBuildFile; fileRef = 000000000000000000000002 /* AppState.swift */; };
		00000000000000000000003A /* Color+Studio.swift in Sources */ = {isa = PBXBuildFile; fileRef = 000000000000000000000003 /* Color+Studio.swift */; };
		00000000000000000000003B /* Font+Studio.swift in Sources */ = {isa = PBXBuildFile; fileRef = 000000000000000000000004 /* Font+Studio.swift */; };
		00000000000000000000003C /* Motion+Studio.swift in Sources */ = {isa = PBXBuildFile; fileRef = 000000000000000000000005 /* Motion+Studio.swift */; };
		00000000000000000000003D /* StudioScene.swift in Sources */ = {isa = PBXBuildFile; fileRef = 000000000000000000000006 /* StudioScene.swift */; };
		00000000000000000000003E /* EnvironmentView.swift in Sources */ = {isa = PBXBuildFile; fileRef = 000000000000000000000007 /* EnvironmentView.swift */; };
		00000000000000000000003F /* ScreenContainer.swift in Sources */ = {isa = PBXBuildFile; fileRef = 000000000000000000000008 /* ScreenContainer.swift */; };
		000000000000000000000040 /* NavTicks.swift in Sources */ = {isa = PBXBuildFile; fileRef = 000000000000000000000009 /* NavTicks.swift */; };
		000000000000000000000041 /* HeroNumberText.swift in Sources */ = {isa = PBXBuildFile; fileRef = 00000000000000000000000A /* HeroNumberText.swift */; };
		000000000000000000000042 /* MetricView.swift in Sources */ = {isa = PBXBuildFile; fileRef = 00000000000000000000000B /* MetricView.swift */; };
		000000000000000000000043 /* ReadinessIndicatorView.swift in Sources */ = {isa = PBXBuildFile; fileRef = 00000000000000000000000C /* ReadinessIndicatorView.swift */; };
		000000000000000000000044 /* MetricCircleView.swift in Sources */ = {isa = PBXBuildFile; fileRef = 00000000000000000000000D /* MetricCircleView.swift */; };
		000000000000000000000045 /* WearableStatusBadge.swift in Sources */ = {isa = PBXBuildFile; fileRef = 00000000000000000000000E /* WearableStatusBadge.swift */; };
		000000000000000000000046 /* AiDisclosureBadge.swift in Sources */ = {isa = PBXBuildFile; fileRef = 00000000000000000000000F /* AiDisclosureBadge.swift */; };
		000000000000000000000047 /* IlluminatedCTAButtonStyle.swift in Sources */ = {isa = PBXBuildFile; fileRef = 000000000000000000000010 /* IlluminatedCTAButtonStyle.swift */; };
		000000000000000000000048 /* ConvexClientProvider.swift in Sources */ = {isa = PBXBuildFile; fileRef = 000000000000000000000011 /* ConvexClientProvider.swift */; };
		000000000000000000000049 /* NetworkingConfig.swift in Sources */ = {isa = PBXBuildFile; fileRef = 000000000000000000000012 /* NetworkingConfig.swift */; };
		00000000000000000000004A /* ConvexIdentity.swift in Sources */ = {isa = PBXBuildFile; fileRef = 000000000000000000000013 /* ConvexIdentity.swift */; };
		00000000000000000000004B /* ReadinessModels.swift in Sources */ = {isa = PBXBuildFile; fileRef = 000000000000000000000014 /* ReadinessModels.swift */; };
		00000000000000000000004C /* ClerkAuthCoordinator.swift in Sources */ = {isa = PBXBuildFile; fileRef = 000000000000000000000015 /* ClerkAuthCoordinator.swift */; };
		00000000000000000000004D /* SignInView.swift in Sources */ = {isa = PBXBuildFile; fileRef = 000000000000000000000016 /* SignInView.swift */; };
		00000000000000000000004E /* WearableManager.swift in Sources */ = {isa = PBXBuildFile; fileRef = 000000000000000000000017 /* WearableManager.swift */; };
		00000000000000000000004F /* QCBandService.swift in Sources */ = {isa = PBXBuildFile; fileRef = 000000000000000000000018 /* QCBandService.swift */; };
		000000000000000000000050 /* MockQCBandService.swift in Sources */ = {isa = PBXBuildFile; fileRef = 000000000000000000000019 /* MockQCBandService.swift */; };
		000000000000000000000051 /* QCBandSDKService.swift in Sources */ = {isa = PBXBuildFile; fileRef = 00000000000000000000001A /* QCBandSDKService.swift */; };
		000000000000000000000052 /* WearableModels.swift in Sources */ = {isa = PBXBuildFile; fileRef = 00000000000000000000001B /* WearableModels.swift */; };
		000000000000000000000053 /* AuthenticatedRootView.swift in Sources */ = {isa = PBXBuildFile; fileRef = 00000000000000000000001C /* AuthenticatedRootView.swift */; };
		000000000000000000000054 /* ComingSoonView.swift in Sources */ = {isa = PBXBuildFile; fileRef = 00000000000000000000001D /* ComingSoonView.swift */; };
		000000000000000000000055 /* HomeScreen.swift in Sources */ = {isa = PBXBuildFile; fileRef = 00000000000000000000001E /* HomeScreen.swift */; };
		000000000000000000000056 /* SettingsScreen.swift in Sources */ = {isa = PBXBuildFile; fileRef = 00000000000000000000001F /* SettingsScreen.swift */; };
		000000000000000000000057 /* TrainScreen.swift in Sources */ = {isa = PBXBuildFile; fileRef = 000000000000000000000020 /* TrainScreen.swift */; };
		000000000000000000000058 /* ProgressScreen.swift in Sources */ = {isa = PBXBuildFile; fileRef = 000000000000000000000021 /* ProgressScreen.swift */; };
		000000000000000000000059 /* AICoachScreen.swift in Sources */ = {isa = PBXBuildFile; fileRef = 000000000000000000000022 /* AICoachScreen.swift */; };
		00000000000000000000005A /* BricolageGrotesque-SemiBold.ttf in Resources */ = {isa = PBXBuildFile; fileRef = 00000000000000000000002A /* BricolageGrotesque-SemiBold.ttf */; };
		00000000000000000000005B /* BricolageGrotesque-Bold.ttf in Resources */ = {isa = PBXBuildFile; fileRef = 00000000000000000000002B /* BricolageGrotesque-Bold.ttf */; };
		00000000000000000000005C /* InstrumentSans-Regular.ttf in Resources */ = {isa = PBXBuildFile; fileRef = 00000000000000000000002C /* InstrumentSans-Regular.ttf */; };
		00000000000000000000005D /* InstrumentSans-Medium.ttf in Resources */ = {isa = PBXBuildFile; fileRef = 00000000000000000000002D /* InstrumentSans-Medium.ttf */; };
		00000000000000000000005E /* InstrumentSans-MediumItalic.ttf in Resources */ = {isa = PBXBuildFile; fileRef = 00000000000000000000002E /* InstrumentSans-MediumItalic.ttf */; };
		00000000000000000000005F /* InstrumentSans-SemiBold.ttf in Resources */ = {isa = PBXBuildFile; fileRef = 00000000000000000000002F /* InstrumentSans-SemiBold.ttf */; };
		000000000000000000000060 /* InstrumentSans-Bold.ttf in Resources */ = {isa = PBXBuildFile; fileRef = 000000000000000000000030 /* InstrumentSans-Bold.ttf */; };
		000000000000000000000061 /* Assets.xcassets in Resources */ = {isa = PBXBuildFile; fileRef = 000000000000000000000031 /* Assets.xcassets */; };
		000000000000000000000062 /* SombreyAppTests.swift in Sources */ = {isa = PBXBuildFile; fileRef = 000000000000000000000032 /* SombreyAppTests.swift */; };
		000000000000000000000063 /* AppStateTests.swift in Sources */ = {isa = PBXBuildFile; fileRef = 000000000000000000000033 /* AppStateTests.swift */; };
		000000000000000000000064 /* ConvexClientProviderTests.swift in Sources */ = {isa = PBXBuildFile; fileRef = 000000000000000000000034 /* ConvexClientProviderTests.swift */; };
		000000000000000000000065 /* SombreyAppUITests.swift in Sources */ = {isa = PBXBuildFile; fileRef = 000000000000000000000035 /* SombreyAppUITests.swift */; };
		000000000000000000000088 /* ClerkKit in Frameworks */ = {isa = PBXBuildFile; productRef = 000000000000000000000085 /* ClerkKit */; };
		000000000000000000000089 /* ClerkKitUI in Frameworks */ = {isa = PBXBuildFile; productRef = 000000000000000000000086 /* ClerkKitUI */; };
		00000000000000000000008A /* ConvexMobile in Frameworks */ = {isa = PBXBuildFile; productRef = 000000000000000000000087 /* ConvexMobile */; };
/* End PBXBuildFile section */

/* Begin PBXContainerItemProxy section */
		000000000000000000000098 /* PBXContainerItemProxy */ = {
			isa = PBXContainerItemProxy;
			containerPortal = 00000000000000000000009B /* Project object */;
			proxyType = 1;
			remoteGlobalIDString = 000000000000000000000094;
			remoteInfo = "SombreyApp";
		};
		00000000000000000000009A /* PBXContainerItemProxy */ = {
			isa = PBXContainerItemProxy;
			containerPortal = 00000000000000000000009B /* Project object */;
			proxyType = 1;
			remoteGlobalIDString = 000000000000000000000094;
			remoteInfo = "SombreyApp";
		};
/* End PBXContainerItemProxy section */

/* Begin PBXFileReference section */
		000000000000000000000001 /* SombreyApp.swift */ = {isa = PBXFileReference; lastKnownFileType = sourcecode.swift; path = "SombreyApp.swift"; sourceTree = "<group>"; };
		000000000000000000000002 /* AppState.swift */ = {isa = PBXFileReference; lastKnownFileType = sourcecode.swift; path = "AppState.swift"; sourceTree = "<group>"; };
		000000000000000000000003 /* Color+Studio.swift */ = {isa = PBXFileReference; lastKnownFileType = sourcecode.swift; path = "Color+Studio.swift"; sourceTree = "<group>"; };
		000000000000000000000004 /* Font+Studio.swift */ = {isa = PBXFileReference; lastKnownFileType = sourcecode.swift; path = "Font+Studio.swift"; sourceTree = "<group>"; };
		000000000000000000000005 /* Motion+Studio.swift */ = {isa = PBXFileReference; lastKnownFileType = sourcecode.swift; path = "Motion+Studio.swift"; sourceTree = "<group>"; };
		000000000000000000000006 /* StudioScene.swift */ = {isa = PBXFileReference; lastKnownFileType = sourcecode.swift; path = "StudioScene.swift"; sourceTree = "<group>"; };
		000000000000000000000007 /* EnvironmentView.swift */ = {isa = PBXFileReference; lastKnownFileType = sourcecode.swift; path = "EnvironmentView.swift"; sourceTree = "<group>"; };
		000000000000000000000008 /* ScreenContainer.swift */ = {isa = PBXFileReference; lastKnownFileType = sourcecode.swift; path = "ScreenContainer.swift"; sourceTree = "<group>"; };
		000000000000000000000009 /* NavTicks.swift */ = {isa = PBXFileReference; lastKnownFileType = sourcecode.swift; path = "NavTicks.swift"; sourceTree = "<group>"; };
		00000000000000000000000A /* HeroNumberText.swift */ = {isa = PBXFileReference; lastKnownFileType = sourcecode.swift; path = "HeroNumberText.swift"; sourceTree = "<group>"; };
		00000000000000000000000B /* MetricView.swift */ = {isa = PBXFileReference; lastKnownFileType = sourcecode.swift; path = "MetricView.swift"; sourceTree = "<group>"; };
		00000000000000000000000C /* ReadinessIndicatorView.swift */ = {isa = PBXFileReference; lastKnownFileType = sourcecode.swift; path = "ReadinessIndicatorView.swift"; sourceTree = "<group>"; };
		00000000000000000000000D /* MetricCircleView.swift */ = {isa = PBXFileReference; lastKnownFileType = sourcecode.swift; path = "MetricCircleView.swift"; sourceTree = "<group>"; };
		00000000000000000000000E /* WearableStatusBadge.swift */ = {isa = PBXFileReference; lastKnownFileType = sourcecode.swift; path = "WearableStatusBadge.swift"; sourceTree = "<group>"; };
		00000000000000000000000F /* AiDisclosureBadge.swift */ = {isa = PBXFileReference; lastKnownFileType = sourcecode.swift; path = "AiDisclosureBadge.swift"; sourceTree = "<group>"; };
		000000000000000000000010 /* IlluminatedCTAButtonStyle.swift */ = {isa = PBXFileReference; lastKnownFileType = sourcecode.swift; path = "IlluminatedCTAButtonStyle.swift"; sourceTree = "<group>"; };
		000000000000000000000011 /* ConvexClientProvider.swift */ = {isa = PBXFileReference; lastKnownFileType = sourcecode.swift; path = "ConvexClientProvider.swift"; sourceTree = "<group>"; };
		000000000000000000000012 /* NetworkingConfig.swift */ = {isa = PBXFileReference; lastKnownFileType = sourcecode.swift; path = "NetworkingConfig.swift"; sourceTree = "<group>"; };
		000000000000000000000013 /* ConvexIdentity.swift */ = {isa = PBXFileReference; lastKnownFileType = sourcecode.swift; path = "ConvexIdentity.swift"; sourceTree = "<group>"; };
		000000000000000000000014 /* ReadinessModels.swift */ = {isa = PBXFileReference; lastKnownFileType = sourcecode.swift; path = "ReadinessModels.swift"; sourceTree = "<group>"; };
		000000000000000000000015 /* ClerkAuthCoordinator.swift */ = {isa = PBXFileReference; lastKnownFileType = sourcecode.swift; path = "ClerkAuthCoordinator.swift"; sourceTree = "<group>"; };
		000000000000000000000016 /* SignInView.swift */ = {isa = PBXFileReference; lastKnownFileType = sourcecode.swift; path = "SignInView.swift"; sourceTree = "<group>"; };
		000000000000000000000017 /* WearableManager.swift */ = {isa = PBXFileReference; lastKnownFileType = sourcecode.swift; path = "WearableManager.swift"; sourceTree = "<group>"; };
		000000000000000000000018 /* QCBandService.swift */ = {isa = PBXFileReference; lastKnownFileType = sourcecode.swift; path = "QCBandService.swift"; sourceTree = "<group>"; };
		000000000000000000000019 /* MockQCBandService.swift */ = {isa = PBXFileReference; lastKnownFileType = sourcecode.swift; path = "MockQCBandService.swift"; sourceTree = "<group>"; };
		00000000000000000000001A /* QCBandSDKService.swift */ = {isa = PBXFileReference; lastKnownFileType = sourcecode.swift; path = "QCBandSDKService.swift"; sourceTree = "<group>"; };
		00000000000000000000001B /* WearableModels.swift */ = {isa = PBXFileReference; lastKnownFileType = sourcecode.swift; path = "WearableModels.swift"; sourceTree = "<group>"; };
		00000000000000000000001C /* AuthenticatedRootView.swift */ = {isa = PBXFileReference; lastKnownFileType = sourcecode.swift; path = "AuthenticatedRootView.swift"; sourceTree = "<group>"; };
		00000000000000000000001D /* ComingSoonView.swift */ = {isa = PBXFileReference; lastKnownFileType = sourcecode.swift; path = "ComingSoonView.swift"; sourceTree = "<group>"; };
		00000000000000000000001E /* HomeScreen.swift */ = {isa = PBXFileReference; lastKnownFileType = sourcecode.swift; path = "HomeScreen.swift"; sourceTree = "<group>"; };
		00000000000000000000001F /* SettingsScreen.swift */ = {isa = PBXFileReference; lastKnownFileType = sourcecode.swift; path = "SettingsScreen.swift"; sourceTree = "<group>"; };
		000000000000000000000020 /* TrainScreen.swift */ = {isa = PBXFileReference; lastKnownFileType = sourcecode.swift; path = "TrainScreen.swift"; sourceTree = "<group>"; };
		000000000000000000000021 /* ProgressScreen.swift */ = {isa = PBXFileReference; lastKnownFileType = sourcecode.swift; path = "ProgressScreen.swift"; sourceTree = "<group>"; };
		000000000000000000000022 /* AICoachScreen.swift */ = {isa = PBXFileReference; lastKnownFileType = sourcecode.swift; path = "AICoachScreen.swift"; sourceTree = "<group>"; };
		000000000000000000000023 /* Info.plist */ = {isa = PBXFileReference; lastKnownFileType = text.plist.xml; path = "Info.plist"; sourceTree = "<group>"; };
		000000000000000000000024 /* SombreyApp.entitlements */ = {isa = PBXFileReference; lastKnownFileType = text.plist.entitlements; path = "SombreyApp.entitlements"; sourceTree = "<group>"; };
		000000000000000000000025 /* README.md */ = {isa = PBXFileReference; lastKnownFileType = net.daringfireball.markdown; path = "README.md"; sourceTree = "<group>"; };
		000000000000000000000026 /* README.md */ = {isa = PBXFileReference; lastKnownFileType = net.daringfireball.markdown; path = "README.md"; sourceTree = "<group>"; };
		000000000000000000000027 /* README.md */ = {isa = PBXFileReference; lastKnownFileType = net.daringfireball.markdown; path = "README.md"; sourceTree = "<group>"; };
		000000000000000000000028 /* README.md */ = {isa = PBXFileReference; lastKnownFileType = net.daringfireball.markdown; path = "README.md"; sourceTree = "<group>"; };
		000000000000000000000029 /* README.md */ = {isa = PBXFileReference; lastKnownFileType = net.daringfireball.markdown; path = "README.md"; sourceTree = "<group>"; };
		00000000000000000000002A /* BricolageGrotesque-SemiBold.ttf */ = {isa = PBXFileReference; lastKnownFileType = file; path = "BricolageGrotesque-SemiBold.ttf"; sourceTree = "<group>"; };
		00000000000000000000002B /* BricolageGrotesque-Bold.ttf */ = {isa = PBXFileReference; lastKnownFileType = file; path = "BricolageGrotesque-Bold.ttf"; sourceTree = "<group>"; };
		00000000000000000000002C /* InstrumentSans-Regular.ttf */ = {isa = PBXFileReference; lastKnownFileType = file; path = "InstrumentSans-Regular.ttf"; sourceTree = "<group>"; };
		00000000000000000000002D /* InstrumentSans-Medium.ttf */ = {isa = PBXFileReference; lastKnownFileType = file; path = "InstrumentSans-Medium.ttf"; sourceTree = "<group>"; };
		00000000000000000000002E /* InstrumentSans-MediumItalic.ttf */ = {isa = PBXFileReference; lastKnownFileType = file; path = "InstrumentSans-MediumItalic.ttf"; sourceTree = "<group>"; };
		00000000000000000000002F /* InstrumentSans-SemiBold.ttf */ = {isa = PBXFileReference; lastKnownFileType = file; path = "InstrumentSans-SemiBold.ttf"; sourceTree = "<group>"; };
		000000000000000000000030 /* InstrumentSans-Bold.ttf */ = {isa = PBXFileReference; lastKnownFileType = file; path = "InstrumentSans-Bold.ttf"; sourceTree = "<group>"; };
		000000000000000000000031 /* Assets.xcassets */ = {isa = PBXFileReference; lastKnownFileType = folder.assetcatalog; path = "Assets.xcassets"; sourceTree = "<group>"; };
		000000000000000000000032 /* SombreyAppTests.swift */ = {isa = PBXFileReference; lastKnownFileType = sourcecode.swift; path = "SombreyAppTests.swift"; sourceTree = "<group>"; };
		000000000000000000000033 /* AppStateTests.swift */ = {isa = PBXFileReference; lastKnownFileType = sourcecode.swift; path = "AppStateTests.swift"; sourceTree = "<group>"; };
		000000000000000000000034 /* ConvexClientProviderTests.swift */ = {isa = PBXFileReference; lastKnownFileType = sourcecode.swift; path = "ConvexClientProviderTests.swift"; sourceTree = "<group>"; };
		000000000000000000000035 /* SombreyAppUITests.swift */ = {isa = PBXFileReference; lastKnownFileType = sourcecode.swift; path = "SombreyAppUITests.swift"; sourceTree = "<group>"; };
		000000000000000000000036 /* Secrets.xcconfig.example */ = {isa = PBXFileReference; lastKnownFileType = text; path = "Secrets.xcconfig.example"; sourceTree = "<group>"; };
		000000000000000000000037 /* Secrets.xcconfig */ = {isa = PBXFileReference; lastKnownFileType = text.xcconfig; path = "Secrets.xcconfig"; sourceTree = "<group>"; };
/* End PBXFileReference section */

/* Begin PBXFrameworksBuildPhase section */
		00000000000000000000008C /* Frameworks */ = {
			isa = PBXFrameworksBuildPhase;
			buildActionMask = 2147483647;
			files = (
				000000000000000000000088 /* ClerkKit */,
				000000000000000000000089 /* ClerkKitUI */,
				00000000000000000000008A /* ConvexMobile */,
			);
			runOnlyForDeploymentPostprocessing = 0;
		};
		00000000000000000000008F /* Frameworks */ = {
			isa = PBXFrameworksBuildPhase;
			buildActionMask = 2147483647;
			files = (
				
			);
			runOnlyForDeploymentPostprocessing = 0;
		};
		000000000000000000000092 /* Frameworks */ = {
			isa = PBXFrameworksBuildPhase;
			buildActionMask = 2147483647;
			files = (
				
			);
			runOnlyForDeploymentPostprocessing = 0;
		};
/* End PBXFrameworksBuildPhase section */

/* Begin PBXGroup section */
		00000000000000000000006A /* Sombrey */ = {
			isa = PBXGroup;
			children = (
			00000000000000000000006B /* App */,
			00000000000000000000006C /* DesignSystem */,
			000000000000000000000070 /* Core */,
			000000000000000000000074 /* Auth */,
			000000000000000000000075 /* Wearable */,
			000000000000000000000077 /* Home */,
			000000000000000000000078 /* Settings */,
			000000000000000000000079 /* Training */,
			00000000000000000000007A /* Progress */,
			00000000000000000000007B /* AICoach */,
			00000000000000000000007C /* Nutrition */,
			00000000000000000000007D /* Onboarding */,
			00000000000000000000007E /* Resources */
			);
			path = "Sombrey";
			sourceTree = "<group>";
		};
		00000000000000000000006B /* App */ = {
			isa = PBXGroup;
			children = (
			000000000000000000000001 /* SombreyApp.swift */,
			000000000000000000000002 /* AppState.swift */,
			00000000000000000000001C /* AuthenticatedRootView.swift */,
			000000000000000000000023 /* Info.plist */,
			000000000000000000000024 /* SombreyApp.entitlements */
			);
			name = "App";
			path = "App";
			sourceTree = "<group>";
		};
		00000000000000000000006C /* DesignSystem */ = {
			isa = PBXGroup;
			children = (
			00000000000000000000006D /* Tokens */,
			00000000000000000000006E /* Environment */,
			00000000000000000000006F /* Components */
			);
			name = "DesignSystem";
			path = "DesignSystem";
			sourceTree = "<group>";
		};
		00000000000000000000006D /* Tokens */ = {
			isa = PBXGroup;
			children = (
			000000000000000000000003 /* Color+Studio.swift */,
			000000000000000000000004 /* Font+Studio.swift */,
			000000000000000000000005 /* Motion+Studio.swift */
			);
			name = "Tokens";
			path = "Tokens";
			sourceTree = "<group>";
		};
		00000000000000000000006E /* Environment */ = {
			isa = PBXGroup;
			children = (
			000000000000000000000006 /* StudioScene.swift */,
			000000000000000000000007 /* EnvironmentView.swift */
			);
			name = "Environment";
			path = "Environment";
			sourceTree = "<group>";
		};
		00000000000000000000006F /* Components */ = {
			isa = PBXGroup;
			children = (
			000000000000000000000008 /* ScreenContainer.swift */,
			000000000000000000000009 /* NavTicks.swift */,
			00000000000000000000000A /* HeroNumberText.swift */,
			00000000000000000000000B /* MetricView.swift */,
			00000000000000000000000C /* ReadinessIndicatorView.swift */,
			00000000000000000000000D /* MetricCircleView.swift */,
			00000000000000000000000E /* WearableStatusBadge.swift */,
			00000000000000000000000F /* AiDisclosureBadge.swift */,
			000000000000000000000010 /* IlluminatedCTAButtonStyle.swift */,
			00000000000000000000001D /* ComingSoonView.swift */
			);
			name = "Components";
			path = "Components";
			sourceTree = "<group>";
		};
		000000000000000000000070 /* Core */ = {
			isa = PBXGroup;
			children = (
			000000000000000000000071 /* Convex */,
			000000000000000000000072 /* Networking */,
			000000000000000000000073 /* Models */
			);
			name = "Core";
			path = "Core";
			sourceTree = "<group>";
		};
		000000000000000000000071 /* Convex */ = {
			isa = PBXGroup;
			children = (
			000000000000000000000011 /* ConvexClientProvider.swift */
			);
			name = "Convex";
			path = "Convex";
			sourceTree = "<group>";
		};
		000000000000000000000072 /* Networking */ = {
			isa = PBXGroup;
			children = (
			000000000000000000000012 /* NetworkingConfig.swift */
			);
			name = "Networking";
			path = "Networking";
			sourceTree = "<group>";
		};
		000000000000000000000073 /* Models */ = {
			isa = PBXGroup;
			children = (
			000000000000000000000013 /* ConvexIdentity.swift */,
			000000000000000000000014 /* ReadinessModels.swift */
			);
			name = "Models";
			path = "Models";
			sourceTree = "<group>";
		};
		000000000000000000000074 /* Auth */ = {
			isa = PBXGroup;
			children = (
			000000000000000000000015 /* ClerkAuthCoordinator.swift */,
			000000000000000000000016 /* SignInView.swift */
			);
			name = "Auth";
			path = "Auth";
			sourceTree = "<group>";
		};
		000000000000000000000075 /* Wearable */ = {
			isa = PBXGroup;
			children = (
			000000000000000000000017 /* WearableManager.swift */,
			000000000000000000000018 /* QCBandService.swift */,
			000000000000000000000019 /* MockQCBandService.swift */,
			00000000000000000000001A /* QCBandSDKService.swift */,
			000000000000000000000076 /* Models */
			);
			name = "Wearable";
			path = "Wearable";
			sourceTree = "<group>";
		};
		000000000000000000000076 /* Models */ = {
			isa = PBXGroup;
			children = (
			00000000000000000000001B /* WearableModels.swift */
			);
			name = "Models";
			path = "Models";
			sourceTree = "<group>";
		};
		000000000000000000000077 /* Home */ = {
			isa = PBXGroup;
			children = (
			00000000000000000000001E /* HomeScreen.swift */
			);
			name = "Home";
			path = "Home";
			sourceTree = "<group>";
		};
		000000000000000000000078 /* Settings */ = {
			isa = PBXGroup;
			children = (
			00000000000000000000001F /* SettingsScreen.swift */
			);
			name = "Settings";
			path = "Settings";
			sourceTree = "<group>";
		};
		000000000000000000000079 /* Training */ = {
			isa = PBXGroup;
			children = (
			000000000000000000000020 /* TrainScreen.swift */,
			000000000000000000000025 /* README.md */
			);
			name = "Training";
			path = "Training";
			sourceTree = "<group>";
		};
		00000000000000000000007A /* Progress */ = {
			isa = PBXGroup;
			children = (
			000000000000000000000021 /* ProgressScreen.swift */,
			000000000000000000000027 /* README.md */
			);
			name = "Progress";
			path = "Progress";
			sourceTree = "<group>";
		};
		00000000000000000000007B /* AICoach */ = {
			isa = PBXGroup;
			children = (
			000000000000000000000022 /* AICoachScreen.swift */,
			000000000000000000000028 /* README.md */
			);
			name = "AICoach";
			path = "AICoach";
			sourceTree = "<group>";
		};
		00000000000000000000007C /* Nutrition */ = {
			isa = PBXGroup;
			children = (
			000000000000000000000026 /* README.md */
			);
			name = "Nutrition";
			path = "Nutrition";
			sourceTree = "<group>";
		};
		00000000000000000000007D /* Onboarding */ = {
			isa = PBXGroup;
			children = (
			000000000000000000000029 /* README.md */
			);
			name = "Onboarding";
			path = "Onboarding";
			sourceTree = "<group>";
		};
		00000000000000000000007E /* Resources */ = {
			isa = PBXGroup;
			children = (
			00000000000000000000007F /* Fonts */,
			000000000000000000000031 /* Assets.xcassets */
			);
			name = "Resources";
			path = "Resources";
			sourceTree = "<group>";
		};
		00000000000000000000007F /* Fonts */ = {
			isa = PBXGroup;
			children = (
			00000000000000000000002A /* BricolageGrotesque-SemiBold.ttf */,
			00000000000000000000002B /* BricolageGrotesque-Bold.ttf */,
			00000000000000000000002C /* InstrumentSans-Regular.ttf */,
			00000000000000000000002D /* InstrumentSans-Medium.ttf */,
			00000000000000000000002E /* InstrumentSans-MediumItalic.ttf */,
			00000000000000000000002F /* InstrumentSans-SemiBold.ttf */,
			000000000000000000000030 /* InstrumentSans-Bold.ttf */
			);
			name = "Fonts";
			path = "Fonts";
			sourceTree = "<group>";
		};
		000000000000000000000080 /* SombreyAppTests */ = {
			isa = PBXGroup;
			children = (
			000000000000000000000032 /* SombreyAppTests.swift */,
			000000000000000000000033 /* AppStateTests.swift */,
			000000000000000000000034 /* ConvexClientProviderTests.swift */
			);
			name = "SombreyAppTests";
			path = "SombreyAppTests";
			sourceTree = "<group>";
		};
		000000000000000000000081 /* SombreyAppUITests */ = {
			isa = PBXGroup;
			children = (
			000000000000000000000035 /* SombreyAppUITests.swift */
			);
			name = "SombreyAppUITests";
			path = "SombreyAppUITests";
			sourceTree = "<group>";
		};
		000000000000000000000082 /* Products */ = {
			isa = PBXGroup;
			children = (
				000000000000000000000066 /* SombreyApp.app */,
				000000000000000000000067 /* SombreyAppTests.xctest */,
				000000000000000000000068 /* SombreyAppUITests.xctest */,
			);
			name = Products;
			sourceTree = "<group>";
		};
		000000000000000000000069 /* apps/ios */ = {
			isa = PBXGroup;
			children = (
			00000000000000000000006A /* Sombrey */,
			000000000000000000000080 /* SombreyAppTests */,
			000000000000000000000081 /* SombreyAppUITests */,
			000000000000000000000036 /* Secrets.xcconfig.example */,
			000000000000000000000037 /* Secrets.xcconfig */,
			000000000000000000000082 /* Products */
			);
			sourceTree = "<group>";
		};
/* End PBXGroup section */

/* Begin PBXNativeTarget section */
		000000000000000000000094 /* SombreyApp */ = {
			isa = PBXNativeTarget;
			buildConfigurationList = 00000000000000000000009C /* Build configuration list for PBXNativeTarget "SombreyApp" */;
			buildPhases = (
				00000000000000000000008B /* Sources */,
				00000000000000000000008C /* Frameworks */,
				00000000000000000000008D /* Resources */,
			);
			buildRules = (
			);
			dependencies = (
			);
			name = SombreyApp;
			packageProductDependencies = (
				000000000000000000000085 /* ClerkKit */,
				000000000000000000000086 /* ClerkKitUI */,
				000000000000000000000087 /* ConvexMobile */,
			);
			productName = SombreyApp;
			productReference = 000000000000000000000066 /* SombreyApp.app */;
			productType = "com.apple.product-type.application";
		};
		000000000000000000000095 /* SombreyAppTests */ = {
			isa = PBXNativeTarget;
			buildConfigurationList = 00000000000000000000009D /* Build configuration list for PBXNativeTarget "SombreyAppTests" */;
			buildPhases = (
				00000000000000000000008E /* Sources */,
				00000000000000000000008F /* Frameworks */,
				000000000000000000000090 /* Resources */,
			);
			buildRules = (
			);
			dependencies = (
				000000000000000000000097 /* PBXTargetDependency */,
			);
			name = SombreyAppTests;
			productName = SombreyAppTests;
			productReference = 000000000000000000000067 /* SombreyAppTests.xctest */;
			productType = "com.apple.product-type.bundle.unit-test";
		};
		000000000000000000000096 /* SombreyAppUITests */ = {
			isa = PBXNativeTarget;
			buildConfigurationList = 00000000000000000000009E /* Build configuration list for PBXNativeTarget "SombreyAppUITests" */;
			buildPhases = (
				000000000000000000000091 /* Sources */,
				000000000000000000000092 /* Frameworks */,
				000000000000000000000093 /* Resources */,
			);
			buildRules = (
			);
			dependencies = (
				000000000000000000000099 /* PBXTargetDependency */,
			);
			name = SombreyAppUITests;
			productName = SombreyAppUITests;
			productReference = 000000000000000000000068 /* SombreyAppUITests.xctest */;
			productType = "com.apple.product-type.bundle.ui-testing";
		};
/* End PBXNativeTarget section */

/* Begin PBXProject section */
		00000000000000000000009B /* Project object */ = {
			isa = PBXProject;
			attributes = {
				BuildIndependentTargetsInParallel = 1;
				LastSwiftUpdateCheck = 1600;
				LastUpgradeCheck = 1600;
				TargetAttributes = {
					000000000000000000000094 = {
						CreatedOnToolsVersion = 16.0;
						DevelopmentTeam = 9H99MBY3C8;
						ProvisioningStyle = Automatic;
						SystemCapabilities = {
							"com.apple.SignInWithApple" = {
								enabled = 1;
							};
						};
					};
					000000000000000000000095 = {
						CreatedOnToolsVersion = 16.0;
						DevelopmentTeam = 9H99MBY3C8;
						ProvisioningStyle = Automatic;
						TestTargetID = 000000000000000000000094;
					};
					000000000000000000000096 = {
						CreatedOnToolsVersion = 16.0;
						DevelopmentTeam = 9H99MBY3C8;
						ProvisioningStyle = Automatic;
						TestTargetID = 000000000000000000000094;
					};
				};
			};
			buildConfigurationList = 00000000000000000000009F /* Build configuration list for PBXProject "SombreyApp" */;
			compatibilityVersion = "Xcode 14.0";
			developmentRegion = en;
			hasScannedForEncodings = 0;
			knownRegions = (
				en,
				Base,
			);
			mainGroup = 000000000000000000000069;
			packageReferences = (
				000000000000000000000083 /* XCRemoteSwiftPackageReference "clerk-ios" */,
				000000000000000000000084 /* XCRemoteSwiftPackageReference "convex-swift" */,
			);
			productRefGroup = 000000000000000000000082 /* Products */;
			projectDirPath = "";
			projectRoot = "";
			targets = (
				000000000000000000000094 /* SombreyApp */,
				000000000000000000000095 /* SombreyAppTests */,
				000000000000000000000096 /* SombreyAppUITests */,
			);
		};
/* End PBXProject section */

/* Begin PBXResourcesBuildPhase section */
		00000000000000000000008D /* Resources */ = {
			isa = PBXResourcesBuildPhase;
			buildActionMask = 2147483647;
			files = (
				00000000000000000000005A /* BricolageGrotesque-SemiBold.ttf */,
				00000000000000000000005B /* BricolageGrotesque-Bold.ttf */,
				00000000000000000000005C /* InstrumentSans-Regular.ttf */,
				00000000000000000000005D /* InstrumentSans-Medium.ttf */,
				00000000000000000000005E /* InstrumentSans-MediumItalic.ttf */,
				00000000000000000000005F /* InstrumentSans-SemiBold.ttf */,
				000000000000000000000060 /* InstrumentSans-Bold.ttf */,
				000000000000000000000061 /* Assets.xcassets */,
			);
			runOnlyForDeploymentPostprocessing = 0;
		};
		000000000000000000000090 /* Resources */ = {
			isa = PBXResourcesBuildPhase;
			buildActionMask = 2147483647;
			files = (
				
			);
			runOnlyForDeploymentPostprocessing = 0;
		};
		000000000000000000000093 /* Resources */ = {
			isa = PBXResourcesBuildPhase;
			buildActionMask = 2147483647;
			files = (
				
			);
			runOnlyForDeploymentPostprocessing = 0;
		};
/* End PBXResourcesBuildPhase section */

/* Begin PBXSourcesBuildPhase section */
		00000000000000000000008B /* Sources */ = {
			isa = PBXSourcesBuildPhase;
			buildActionMask = 2147483647;
			files = (
				000000000000000000000038 /* SombreyApp.swift */,
				000000000000000000000039 /* AppState.swift */,
				00000000000000000000003A /* Color+Studio.swift */,
				00000000000000000000003B /* Font+Studio.swift */,
				00000000000000000000003C /* Motion+Studio.swift */,
				00000000000000000000003D /* StudioScene.swift */,
				00000000000000000000003E /* EnvironmentView.swift */,
				00000000000000000000003F /* ScreenContainer.swift */,
				000000000000000000000040 /* NavTicks.swift */,
				000000000000000000000041 /* HeroNumberText.swift */,
				000000000000000000000042 /* MetricView.swift */,
				000000000000000000000043 /* ReadinessIndicatorView.swift */,
				000000000000000000000044 /* MetricCircleView.swift */,
				000000000000000000000045 /* WearableStatusBadge.swift */,
				000000000000000000000046 /* AiDisclosureBadge.swift */,
				000000000000000000000047 /* IlluminatedCTAButtonStyle.swift */,
				000000000000000000000048 /* ConvexClientProvider.swift */,
				000000000000000000000049 /* NetworkingConfig.swift */,
				00000000000000000000004A /* ConvexIdentity.swift */,
				00000000000000000000004B /* ReadinessModels.swift */,
				00000000000000000000004C /* ClerkAuthCoordinator.swift */,
				00000000000000000000004D /* SignInView.swift */,
				00000000000000000000004E /* WearableManager.swift */,
				00000000000000000000004F /* QCBandService.swift */,
				000000000000000000000050 /* MockQCBandService.swift */,
				000000000000000000000051 /* QCBandSDKService.swift */,
				000000000000000000000052 /* WearableModels.swift */,
				000000000000000000000053 /* AuthenticatedRootView.swift */,
				000000000000000000000054 /* ComingSoonView.swift */,
				000000000000000000000055 /* HomeScreen.swift */,
				000000000000000000000056 /* SettingsScreen.swift */,
				000000000000000000000057 /* TrainScreen.swift */,
				000000000000000000000058 /* ProgressScreen.swift */,
				000000000000000000000059 /* AICoachScreen.swift */,
			);
			runOnlyForDeploymentPostprocessing = 0;
		};
		00000000000000000000008E /* Sources */ = {
			isa = PBXSourcesBuildPhase;
			buildActionMask = 2147483647;
			files = (
				000000000000000000000062 /* SombreyAppTests.swift */,
				000000000000000000000063 /* AppStateTests.swift */,
				000000000000000000000064 /* ConvexClientProviderTests.swift */,
			);
			runOnlyForDeploymentPostprocessing = 0;
		};
		000000000000000000000091 /* Sources */ = {
			isa = PBXSourcesBuildPhase;
			buildActionMask = 2147483647;
			files = (
				000000000000000000000065 /* SombreyAppUITests.swift */,
			);
			runOnlyForDeploymentPostprocessing = 0;
		};
/* End PBXSourcesBuildPhase section */

/* Begin PBXTargetDependency section */
				000000000000000000000097 /* PBXTargetDependency */ = {
			isa = PBXTargetDependency;
			target = 000000000000000000000094 /* SombreyApp */;
			targetProxy = 000000000000000000000098 /* PBXContainerItemProxy */;
		};
				000000000000000000000099 /* PBXTargetDependency */ = {
			isa = PBXTargetDependency;
			target = 000000000000000000000094 /* SombreyApp */;
			targetProxy = 00000000000000000000009A /* PBXContainerItemProxy */;
		};
/* End PBXTargetDependency section */

/* Begin XCBuildConfiguration section */
		0000000000000000000000A0 /* Debug */ = {
			isa = XCBuildConfiguration;
			buildSettings = {
				ALWAYS_SEARCH_USER_PATHS = NO;
				CLANG_ANALYZER_NONNULL = YES;
				CLANG_ENABLE_MODULES = YES;
				CLANG_ENABLE_OBJC_ARC = YES;
				CLANG_WARN_DOCUMENTATION_COMMENTS = YES;
				COPY_PHASE_STRIP = NO;
				DEBUG_INFORMATION_FORMAT = dwarf;
				ENABLE_STRICT_OBJC_MSGSEND = YES;
				ENABLE_TESTABILITY = YES;
				GCC_C_LANGUAGE_STANDARD = gnu17;
				GCC_NO_COMMON_BLOCKS = YES;
				GCC_OPTIMIZATION_LEVEL = 0;
				MTL_ENABLE_DEBUG_INFO = YES;
				ONLY_ACTIVE_ARCH = YES;
				SDKROOT = iphoneos;
				SWIFT_ACTIVE_COMPILATION_CONDITIONS = DEBUG;
				SWIFT_EMIT_LOC_STRINGS = YES;
				SWIFT_OPTIMIZATION_LEVEL = "-Onone";
				VERSIONING_SYSTEM = "apple-generic";
			};
			name = Debug;
		};
		0000000000000000000000A1 /* Release */ = {
			isa = XCBuildConfiguration;
			buildSettings = {
				ALWAYS_SEARCH_USER_PATHS = NO;
				CLANG_ANALYZER_NONNULL = YES;
				CLANG_ENABLE_MODULES = YES;
				CLANG_ENABLE_OBJC_ARC = YES;
				CLANG_WARN_DOCUMENTATION_COMMENTS = YES;
				COPY_PHASE_STRIP = NO;
				DEBUG_INFORMATION_FORMAT = "dwarf-with-dsym";
				ENABLE_STRICT_OBJC_MSGSEND = YES;
				GCC_C_LANGUAGE_STANDARD = gnu17;
				GCC_NO_COMMON_BLOCKS = YES;
				MTL_ENABLE_DEBUG_INFO = YES;
				SDKROOT = iphoneos;
				SWIFT_COMPILATION_MODE = wholemodule;
				SWIFT_EMIT_LOC_STRINGS = YES;
				VALIDATE_PRODUCT = YES;
				VERSIONING_SYSTEM = "apple-generic";
			};
			name = Release;
		};
		0000000000000000000000A2 /* Debug */ = {
			isa = XCBuildConfiguration;
			baseConfigurationReference = 000000000000000000000037 /* Secrets.xcconfig */;
			buildSettings = {
				ASSETCATALOG_COMPILER_APPICON_NAME = AppIcon;
				ASSETCATALOG_COMPILER_GLOBAL_ACCENT_COLOR_NAME = AccentColor;
				CODE_SIGN_ENTITLEMENTS = "Sombrey/App/SombreyApp.entitlements";
				CODE_SIGN_STYLE = Automatic;
				CURRENT_PROJECT_VERSION = 1;
				DEBUG_INFORMATION_FORMAT = dwarf;
				DEVELOPMENT_TEAM = 9H99MBY3C8;
				ENABLE_PREVIEWS = YES;
				ENABLE_TESTABILITY = YES;
				GCC_OPTIMIZATION_LEVEL = 0;
				GENERATE_INFOPLIST_FILE = NO;
				INFOPLIST_FILE = "Sombrey/App/Info.plist";
				IPHONEOS_DEPLOYMENT_TARGET = 17.0;
				MARKETING_VERSION = 1.0;
				ONLY_ACTIVE_ARCH = YES;
				PRODUCT_BUNDLE_IDENTIFIER = com.sombrey.app;
				PRODUCT_NAME = "$(TARGET_NAME)";
				SWIFT_ACTIVE_COMPILATION_CONDITIONS = DEBUG;
				SWIFT_EMIT_LOC_STRINGS = YES;
				SWIFT_OPTIMIZATION_LEVEL = "-Onone";
				SWIFT_VERSION = 6.0;
				TARGETED_DEVICE_FAMILY = "1,2";
			};
			name = Debug;
		};
		0000000000000000000000A3 /* Release */ = {
			isa = XCBuildConfiguration;
			baseConfigurationReference = 000000000000000000000037 /* Secrets.xcconfig */;
			buildSettings = {
				ASSETCATALOG_COMPILER_APPICON_NAME = AppIcon;
				ASSETCATALOG_COMPILER_GLOBAL_ACCENT_COLOR_NAME = AccentColor;
				CODE_SIGN_ENTITLEMENTS = "Sombrey/App/SombreyApp.entitlements";
				CODE_SIGN_STYLE = Automatic;
				CURRENT_PROJECT_VERSION = 1;
				DEBUG_INFORMATION_FORMAT = "dwarf-with-dsym";
				DEVELOPMENT_TEAM = 9H99MBY3C8;
				ENABLE_PREVIEWS = YES;
				GENERATE_INFOPLIST_FILE = NO;
				INFOPLIST_FILE = "Sombrey/App/Info.plist";
				IPHONEOS_DEPLOYMENT_TARGET = 17.0;
				MARKETING_VERSION = 1.0;
				PRODUCT_BUNDLE_IDENTIFIER = com.sombrey.app;
				PRODUCT_NAME = "$(TARGET_NAME)";
				SWIFT_COMPILATION_MODE = wholemodule;
				SWIFT_EMIT_LOC_STRINGS = YES;
				SWIFT_VERSION = 6.0;
				TARGETED_DEVICE_FAMILY = "1,2";
				VALIDATE_PRODUCT = YES;
			};
			name = Release;
		};
		0000000000000000000000A4 /* Debug */ = {
			isa = XCBuildConfiguration;
			buildSettings = {
				BUNDLE_LOADER = "$(TEST_HOST)";
				CODE_SIGN_STYLE = Automatic;
				CURRENT_PROJECT_VERSION = 1;
				DEBUG_INFORMATION_FORMAT = dwarf;
				DEVELOPMENT_TEAM = 9H99MBY3C8;
				ENABLE_PREVIEWS = YES;
				ENABLE_TESTABILITY = YES;
				GCC_OPTIMIZATION_LEVEL = 0;
				GENERATE_INFOPLIST_FILE = YES;
				IPHONEOS_DEPLOYMENT_TARGET = 17.0;
				MARKETING_VERSION = 1.0;
				ONLY_ACTIVE_ARCH = YES;
				PRODUCT_BUNDLE_IDENTIFIER = com.sombrey.app.Tests;
				PRODUCT_NAME = "$(TARGET_NAME)";
				SWIFT_ACTIVE_COMPILATION_CONDITIONS = DEBUG;
				SWIFT_EMIT_LOC_STRINGS = NO;
				SWIFT_OPTIMIZATION_LEVEL = "-Onone";
				SWIFT_VERSION = 6.0;
				TARGETED_DEVICE_FAMILY = "1,2";
				TEST_HOST = "$(BUILT_PRODUCTS_DIR)/SombreyApp.app/$(BUNDLE_EXECUTABLE_FOLDER_PATH)/SombreyApp";
			};
			name = Debug;
		};
		0000000000000000000000A5 /* Release */ = {
			isa = XCBuildConfiguration;
			buildSettings = {
				BUNDLE_LOADER = "$(TEST_HOST)";
				CODE_SIGN_STYLE = Automatic;
				CURRENT_PROJECT_VERSION = 1;
				DEBUG_INFORMATION_FORMAT = "dwarf-with-dsym";
				DEVELOPMENT_TEAM = 9H99MBY3C8;
				ENABLE_PREVIEWS = YES;
				GENERATE_INFOPLIST_FILE = YES;
				IPHONEOS_DEPLOYMENT_TARGET = 17.0;
				MARKETING_VERSION = 1.0;
				PRODUCT_BUNDLE_IDENTIFIER = com.sombrey.app.Tests;
				PRODUCT_NAME = "$(TARGET_NAME)";
				SWIFT_COMPILATION_MODE = wholemodule;
				SWIFT_EMIT_LOC_STRINGS = NO;
				SWIFT_VERSION = 6.0;
				TARGETED_DEVICE_FAMILY = "1,2";
				TEST_HOST = "$(BUILT_PRODUCTS_DIR)/SombreyApp.app/$(BUNDLE_EXECUTABLE_FOLDER_PATH)/SombreyApp";
				VALIDATE_PRODUCT = YES;
			};
			name = Release;
		};
		0000000000000000000000A6 /* Debug */ = {
			isa = XCBuildConfiguration;
			buildSettings = {
				CODE_SIGN_STYLE = Automatic;
				CURRENT_PROJECT_VERSION = 1;
				DEBUG_INFORMATION_FORMAT = dwarf;
				DEVELOPMENT_TEAM = 9H99MBY3C8;
				ENABLE_PREVIEWS = YES;
				ENABLE_TESTABILITY = YES;
				GCC_OPTIMIZATION_LEVEL = 0;
				GENERATE_INFOPLIST_FILE = YES;
				IPHONEOS_DEPLOYMENT_TARGET = 17.0;
				MARKETING_VERSION = 1.0;
				ONLY_ACTIVE_ARCH = YES;
				PRODUCT_BUNDLE_IDENTIFIER = com.sombrey.app.UITests;
				PRODUCT_NAME = "$(TARGET_NAME)";
				SWIFT_ACTIVE_COMPILATION_CONDITIONS = DEBUG;
				SWIFT_EMIT_LOC_STRINGS = NO;
				SWIFT_OPTIMIZATION_LEVEL = "-Onone";
				SWIFT_VERSION = 6.0;
				TARGETED_DEVICE_FAMILY = "1,2";
				TEST_TARGET_NAME = SombreyApp;
			};
			name = Debug;
		};
		0000000000000000000000A7 /* Release */ = {
			isa = XCBuildConfiguration;
			buildSettings = {
				CODE_SIGN_STYLE = Automatic;
				CURRENT_PROJECT_VERSION = 1;
				DEBUG_INFORMATION_FORMAT = "dwarf-with-dsym";
				DEVELOPMENT_TEAM = 9H99MBY3C8;
				ENABLE_PREVIEWS = YES;
				GENERATE_INFOPLIST_FILE = YES;
				IPHONEOS_DEPLOYMENT_TARGET = 17.0;
				MARKETING_VERSION = 1.0;
				PRODUCT_BUNDLE_IDENTIFIER = com.sombrey.app.UITests;
				PRODUCT_NAME = "$(TARGET_NAME)";
				SWIFT_COMPILATION_MODE = wholemodule;
				SWIFT_EMIT_LOC_STRINGS = NO;
				SWIFT_VERSION = 6.0;
				TARGETED_DEVICE_FAMILY = "1,2";
				TEST_TARGET_NAME = SombreyApp;
				VALIDATE_PRODUCT = YES;
			};
			name = Release;
		};
/* End XCBuildConfiguration section */

/* Begin XCConfigurationList section */
		00000000000000000000009F /* Build configuration list for PBXProject "SombreyApp" */ = {
			isa = XCConfigurationList;
			buildConfigurations = (
				0000000000000000000000A0 /* Debug */,
				0000000000000000000000A1 /* Release */,
			);
			defaultConfigurationIsVisible = 0;
			defaultConfigurationName = Release;
		};
		00000000000000000000009C /* Build configuration list for PBXNativeTarget "SombreyApp" */ = {
			isa = XCConfigurationList;
			buildConfigurations = (
				0000000000000000000000A2 /* Debug */,
				0000000000000000000000A3 /* Release */,
			);
			defaultConfigurationIsVisible = 0;
			defaultConfigurationName = Release;
		};
		00000000000000000000009D /* Build configuration list for PBXNativeTarget "SombreyAppTests" */ = {
			isa = XCConfigurationList;
			buildConfigurations = (
				0000000000000000000000A4 /* Debug */,
				0000000000000000000000A5 /* Release */,
			);
			defaultConfigurationIsVisible = 0;
			defaultConfigurationName = Release;
		};
		00000000000000000000009E /* Build configuration list for PBXNativeTarget "SombreyAppUITests" */ = {
			isa = XCConfigurationList;
			buildConfigurations = (
				0000000000000000000000A6 /* Debug */,
				0000000000000000000000A7 /* Release */,
			);
			defaultConfigurationIsVisible = 0;
			defaultConfigurationName = Release;
		};
/* End XCConfigurationList section */

/* Begin XCRemoteSwiftPackageReference section */
		000000000000000000000083 /* XCRemoteSwiftPackageReference "clerk-ios" */ = {
			isa = XCRemoteSwiftPackageReference;
			repositoryURL = "https://github.com/clerk/clerk-ios";
			requirement = {
				kind = upToNextMajorVersion;
				minimumVersion = 1.5.0;
			};
		};
		000000000000000000000084 /* XCRemoteSwiftPackageReference "convex-swift" */ = {
			isa = XCRemoteSwiftPackageReference;
			repositoryURL = "https://github.com/get-convex/convex-swift";
			requirement = {
				kind = upToNextMajorVersion;
				minimumVersion = 0.8.1;
			};
		};
/* End XCRemoteSwiftPackageReference section */

/* Begin XCSwiftPackageProductDependency section */
		000000000000000000000085 /* ClerkKit */ = {
			isa = XCSwiftPackageProductDependency;
			package = 000000000000000000000083 /* XCRemoteSwiftPackageReference "clerk-ios" */;
			productName = ClerkKit;
		};
		000000000000000000000086 /* ClerkKitUI */ = {
			isa = XCSwiftPackageProductDependency;
			package = 000000000000000000000083 /* XCRemoteSwiftPackageReference "clerk-ios" */;
			productName = ClerkKitUI;
		};
		000000000000000000000087 /* ConvexMobile */ = {
			isa = XCSwiftPackageProductDependency;
			package = 000000000000000000000084 /* XCRemoteSwiftPackageReference "convex-swift" */;
			productName = ConvexMobile;
		};
/* End XCSwiftPackageProductDependency section */
	};
	rootObject = 00000000000000000000009B /* Project object */;
}
